
Microsoft Visual Studio Solution File, Format Version 12.00
# Visual Studio 15
VisualStudioVersion = 15.0.28010.2050
MinimumVisualStudioVersion = 10.0.40219.1
Project("{FAE04EC0-301F-11D3-BF4B-00C04F79EFBC}") = "CustomElementBinding", "CustomElementBinding\CustomElementBinding.csproj", "{45C3AF1C-0609-4DB9-AA8C-5E7DFD87614F}"
EndProject
Global
	GlobalSection(SolutionConfigurationPlatforms) = preSolution
		Debug|Any CPU = Debug|Any CPU
		Release|Any CPU = Release|Any CPU
	EndGlobalSection
	GlobalSection(ProjectConfigurationPlatforms) = postSolution
		{45C3AF1C-0609-4DB9-AA8C-5E7DFD87614F}.Debug|Any CPU.ActiveCfg = Debug|Any CPU
		{45C3AF1C-0609-4DB9-AA8C-5E7DFD87614F}.Debug|Any CPU.Build.0 = Debug|Any CPU
		{45C3AF1C-0609-4DB9-AA8C-5E7DFD87614F}.Release|Any CPU.ActiveCfg = Release|Any CPU
		{45C3AF1C-0609-4DB9-AA8C-5E7DFD87614F}.Release|Any CPU.Build.0 = Release|Any CPU
	EndGlobalSection
	GlobalSection(SolutionProperties) = preSolution
		HideSolutionNode = FALSE
	EndGlobalSection
	GlobalSection(ExtensibilityGlobals) = postSolution
		SolutionGuid = {7583CB70-2225-4649-B6DA-D7FA94615F3D}
	EndGlobalSection
EndGlobal
