
Microsoft Visual Studio Solution File, Format Version 12.00
# Visual Studio 15
VisualStudioVersion = 15.0.28010.2050
MinimumVisualStudioVersion = 10.0.40219.1
Project("{FAE04EC0-301F-11D3-BF4B-00C04F79EFBC}") = "BindingTwoControll", "BindingTwoControll\BindingTwoControll.csproj", "{CDC9D5B1-EA0D-4D26-B5A9-547C8ABBD428}"
EndProject
Global
	GlobalSection(SolutionConfigurationPlatforms) = preSolution
		Debug|Any CPU = Debug|Any CPU
		Release|Any CPU = Release|Any CPU
	EndGlobalSection
	GlobalSection(ProjectConfigurationPlatforms) = postSolution
		{CDC9D5B1-EA0D-4D26-B5A9-547C8ABBD428}.Debug|Any CPU.ActiveCfg = Debug|Any CPU
		{CDC9D5B1-EA0D-4D26-B5A9-547C8ABBD428}.Debug|Any CPU.Build.0 = Debug|Any CPU
		{CDC9D5B1-EA0D-4D26-B5A9-547C8ABBD428}.Release|Any CPU.ActiveCfg = Release|Any CPU
		{CDC9D5B1-EA0D-4D26-B5A9-547C8ABBD428}.Release|Any CPU.Build.0 = Release|Any CPU
	EndGlobalSection
	GlobalSection(SolutionProperties) = preSolution
		HideSolutionNode = FALSE
	EndGlobalSection
	GlobalSection(ExtensibilityGlobals) = postSolution
		SolutionGuid = {CD04970C-C1B0-41CA-8C06-85913A35A23F}
	EndGlobalSection
EndGlobal
