
Microsoft Visual Studio Solution File, Format Version 12.00
# Visual Studio 15
VisualStudioVersion = 15.0.28010.2050
MinimumVisualStudioVersion = 10.0.40219.1
Project("{FAE04EC0-301F-11D3-BF4B-00C04F79EFBC}") = "LoadXamlWindow", "LoadXamlWindow\LoadXamlWindow.csproj", "{007D0513-8EDC-4307-83A8-6CF3D04EA2B8}"
EndProject
Global
	GlobalSection(SolutionConfigurationPlatforms) = preSolution
		Debug|Any CPU = Debug|Any CPU
		Release|Any CPU = Release|Any CPU
	EndGlobalSection
	GlobalSection(ProjectConfigurationPlatforms) = postSolution
		{007D0513-8EDC-4307-83A8-6CF3D04EA2B8}.Debug|Any CPU.ActiveCfg = Debug|Any CPU
		{007D0513-8EDC-4307-83A8-6CF3D04EA2B8}.Debug|Any CPU.Build.0 = Debug|Any CPU
		{007D0513-8EDC-4307-83A8-6CF3D04EA2B8}.Release|Any CPU.ActiveCfg = Release|Any CPU
		{007D0513-8EDC-4307-83A8-6CF3D04EA2B8}.Release|Any CPU.Build.0 = Release|Any CPU
	EndGlobalSection
	GlobalSection(SolutionProperties) = preSolution
		HideSolutionNode = FALSE
	EndGlobalSection
	GlobalSection(ExtensibilityGlobals) = postSolution
		SolutionGuid = {E7966D53-9987-4347-ADFC-9DAE3145575E}
	EndGlobalSection
EndGlobal
