
Microsoft Visual Studio Solution File, Format Version 12.00
# Visual Studio 15
VisualStudioVersion = 15.0.28010.2050
MinimumVisualStudioVersion = 10.0.40219.1
Project("{FAE04EC0-301F-11D3-BF4B-00C04F79EFBC}") = "WpfOracleTest", "WpfOracleTest\WpfOracleTest.csproj", "{C14F2295-AEDD-43A6-ABB9-0EEA8D985CD8}"
EndProject
Global
	GlobalSection(SolutionConfigurationPlatforms) = preSolution
		Debug|Any CPU = Debug|Any CPU
		Release|Any CPU = Release|Any CPU
	EndGlobalSection
	GlobalSection(ProjectConfigurationPlatforms) = postSolution
		{C14F2295-AEDD-43A6-ABB9-0EEA8D985CD8}.Debug|Any CPU.ActiveCfg = Debug|Any CPU
		{C14F2295-AEDD-43A6-ABB9-0EEA8D985CD8}.Debug|Any CPU.Build.0 = Debug|Any CPU
		{C14F2295-AEDD-43A6-ABB9-0EEA8D985CD8}.Release|Any CPU.ActiveCfg = Release|Any CPU
		{C14F2295-AEDD-43A6-ABB9-0EEA8D985CD8}.Release|Any CPU.Build.0 = Release|Any CPU
	EndGlobalSection
	GlobalSection(SolutionProperties) = preSolution
		HideSolutionNode = FALSE
	EndGlobalSection
	GlobalSection(ExtensibilityGlobals) = postSolution
		SolutionGuid = {75B0ECDD-58C8-439E-BF43-2BCA530AE795}
	EndGlobalSection
EndGlobal
