
Microsoft Visual Studio Solution File, Format Version 12.00
# Visual Studio 15
VisualStudioVersion = 15.0.28010.2050
MinimumVisualStudioVersion = 10.0.40219.1
Project("{FAE04EC0-301F-11D3-BF4B-00C04F79EFBC}") = "Inline", "Inline\Inline.csproj", "{1037A229-E990-4D96-99B8-2C6457BC07E5}"
EndProject
Global
	GlobalSection(SolutionConfigurationPlatforms) = preSolution
		Debug|Any CPU = Debug|Any CPU
		Release|Any CPU = Release|Any CPU
	EndGlobalSection
	GlobalSection(ProjectConfigurationPlatforms) = postSolution
		{1037A229-E990-4D96-99B8-2C6457BC07E5}.Debug|Any CPU.ActiveCfg = Debug|Any CPU
		{1037A229-E990-4D96-99B8-2C6457BC07E5}.Debug|Any CPU.Build.0 = Debug|Any CPU
		{1037A229-E990-4D96-99B8-2C6457BC07E5}.Release|Any CPU.ActiveCfg = Release|Any CPU
		{1037A229-E990-4D96-99B8-2C6457BC07E5}.Release|Any CPU.Build.0 = Release|Any CPU
	EndGlobalSection
	GlobalSection(SolutionProperties) = preSolution
		HideSolutionNode = FALSE
	EndGlobalSection
	GlobalSection(ExtensibilityGlobals) = postSolution
		SolutionGuid = {15529B33-6CA0-4017-9157-D8B8B75AD36F}
	EndGlobalSection
EndGlobal
