
Microsoft Visual Studio Solution File, Format Version 12.00
# Visual Studio 15
VisualStudioVersion = 15.0.28010.2050
MinimumVisualStudioVersion = 10.0.40219.1
Project("{FAE04EC0-301F-11D3-BF4B-00C04F79EFBC}") = "ConverterTest", "ConverterTest\ConverterTest.csproj", "{FB784252-DB59-4815-8787-53428E195DD7}"
EndProject
Global
	GlobalSection(SolutionConfigurationPlatforms) = preSolution
		Debug|Any CPU = Debug|Any CPU
		Release|Any CPU = Release|Any CPU
	EndGlobalSection
	GlobalSection(ProjectConfigurationPlatforms) = postSolution
		{FB784252-DB59-4815-8787-53428E195DD7}.Debug|Any CPU.ActiveCfg = Debug|Any CPU
		{FB784252-DB59-4815-8787-53428E195DD7}.Debug|Any CPU.Build.0 = Debug|Any CPU
		{FB784252-DB59-4815-8787-53428E195DD7}.Release|Any CPU.ActiveCfg = Release|Any CPU
		{FB784252-DB59-4815-8787-53428E195DD7}.Release|Any CPU.Build.0 = Release|Any CPU
	EndGlobalSection
	GlobalSection(SolutionProperties) = preSolution
		HideSolutionNode = FALSE
	EndGlobalSection
	GlobalSection(ExtensibilityGlobals) = postSolution
		SolutionGuid = {7BB7A999-BEA6-4860-A435-71C261A39708}
	EndGlobalSection
EndGlobal
