
Microsoft Visual Studio Solution File, Format Version 12.00
# Visual Studio 15
VisualStudioVersion = 15.0.28010.2050
MinimumVisualStudioVersion = 10.0.40219.1
Project("{FAE04EC0-301F-11D3-BF4B-00C04F79EFBC}") = "CommandExam", "CommandExam\CommandExam.csproj", "{05800013-CB70-4AD0-8506-2F778E99608F}"
EndProject
Global
	GlobalSection(SolutionConfigurationPlatforms) = preSolution
		Debug|Any CPU = Debug|Any CPU
		Release|Any CPU = Release|Any CPU
	EndGlobalSection
	GlobalSection(ProjectConfigurationPlatforms) = postSolution
		{05800013-CB70-4AD0-8506-2F778E99608F}.Debug|Any CPU.ActiveCfg = Debug|Any CPU
		{05800013-CB70-4AD0-8506-2F778E99608F}.Debug|Any CPU.Build.0 = Debug|Any CPU
		{05800013-CB70-4AD0-8506-2F778E99608F}.Release|Any CPU.ActiveCfg = Release|Any CPU
		{05800013-CB70-4AD0-8506-2F778E99608F}.Release|Any CPU.Build.0 = Release|Any CPU
	EndGlobalSection
	GlobalSection(SolutionProperties) = preSolution
		HideSolutionNode = FALSE
	EndGlobalSection
	GlobalSection(ExtensibilityGlobals) = postSolution
		SolutionGuid = {CBCC4425-C180-4C16-9689-394322F1CC56}
	EndGlobalSection
EndGlobal
