
Microsoft Visual Studio Solution File, Format Version 12.00
# Visual Studio 15
VisualStudioVersion = 15.0.28010.2050
MinimumVisualStudioVersion = 10.0.40219.1
Project("{FAE04EC0-301F-11D3-BF4B-00C04F79EFBC}") = "LoginWindow", "LoginWindow\LoginWindow.csproj", "{055188DF-148C-4B24-8DE9-5AA5E4941CA3}"
EndProject
Global
	GlobalSection(SolutionConfigurationPlatforms) = preSolution
		Debug|Any CPU = Debug|Any CPU
		Release|Any CPU = Release|Any CPU
	EndGlobalSection
	GlobalSection(ProjectConfigurationPlatforms) = postSolution
		{055188DF-148C-4B24-8DE9-5AA5E4941CA3}.Debug|Any CPU.ActiveCfg = Debug|Any CPU
		{055188DF-148C-4B24-8DE9-5AA5E4941CA3}.Debug|Any CPU.Build.0 = Debug|Any CPU
		{055188DF-148C-4B24-8DE9-5AA5E4941CA3}.Release|Any CPU.ActiveCfg = Release|Any CPU
		{055188DF-148C-4B24-8DE9-5AA5E4941CA3}.Release|Any CPU.Build.0 = Release|Any CPU
	EndGlobalSection
	GlobalSection(SolutionProperties) = preSolution
		HideSolutionNode = FALSE
	EndGlobalSection
	GlobalSection(ExtensibilityGlobals) = postSolution
		SolutionGuid = {2E1534EB-EB25-4C6B-9B76-EC8B411A31AB}
	EndGlobalSection
EndGlobal
